// !$*UTF8*$!
{
	archiveVersion = 1;
	classes = {
	};
	objectVersion = 46;
	objects = {

/* Begin PBXBuildFile section */
		E99C33E419537E3500840CA4 /* Foundation.framework in Frameworks */ = {isa = PBXBuildFile; fileRef = E99C33E319537E3500840CA4 /* Foundation.framework */; };
		E99C33E619537E3500840CA4 /* CoreGraphics.framework in Frameworks */ = {isa = PBXBuildFile; fileRef = E99C33E519537E3500840CA4 /* CoreGraphics.framework */; };
		E99C33E819537E3500840CA4 /* UIKit.framework in Frameworks */ = {isa = PBXBuildFile; fileRef = E99C33E719537E3500840CA4 /* UIKit.framework */; };
		E99C33EA19537E3500840CA4 /* CoreData.framework in Frameworks */ = {isa = PBXBuildFile; fileRef = E99C33E919537E3500840CA4 /* CoreData.framework */; };
		E99C33F019537E3500840CA4 /* InfoPlist.strings in Resources */ = {isa = PBXBuildFile; fileRef = E99C33EE19537E3500840CA4 /* InfoPlist.strings */; };
		E99C33F219537E3500840CA4 /* main.m in Sources */ = {isa = PBXBuildFile; fileRef = E99C33F119537E3500840CA4 /* main.m */; };
		E99C33F619537E3500840CA4 /* THXAppDelegate.m in Sources */ = {isa = PBXBuildFile; fileRef = E99C33F519537E3500840CA4 /* THXAppDelegate.m */; };
		E99C33F919537E3500840CA4 /* AES_Encryption_Tutorial.xcdatamodeld in Sources */ = {isa = PBXBuildFile; fileRef = E99C33F719537E3500840CA4 /* AES_Encryption_Tutorial.xcdatamodeld */; };
		E99C33FB19537E3500840CA4 /* Images.xcassets in Resources */ = {isa = PBXBuildFile; fileRef = E99C33FA19537E3500840CA4 /* Images.xcassets */; };
		E99C340219537E3500840CA4 /* XCTest.framework in Frameworks */ = {isa = PBXBuildFile; fileRef = E99C340119537E3500840CA4 /* XCTest.framework */; };
		E99C340319537E3500840CA4 /* Foundation.framework in Frameworks */ = {isa = PBXBuildFile; fileRef = E99C33E319537E3500840CA4 /* Foundation.framework */; };
		E99C340419537E3500840CA4 /* UIKit.framework in Frameworks */ = {isa = PBXBuildFile; fileRef = E99C33E719537E3500840CA4 /* UIKit.framework */; };
		E99C340519537E3500840CA4 /* CoreData.framework in Frameworks */ = {isa = PBXBuildFile; fileRef = E99C33E919537E3500840CA4 /* CoreData.framework */; };
		E99C340D19537E3500840CA4 /* InfoPlist.strings in Resources */ = {isa = PBXBuildFile; fileRef = E99C340B19537E3500840CA4 /* InfoPlist.strings */; };
		E99C340F19537E3500840CA4 /* AES_Encryption_TutorialTests.m in Sources */ = {isa = PBXBuildFile; fileRef = E99C340E19537E3500840CA4 /* AES_Encryption_TutorialTests.m */; };
		E9E2B3131953835600B7D7F6 /* NSData+AES256.m in Sources */ = {isa = PBXBuildFile; fileRef = E9E2B3121953835600B7D7F6 /* NSData+AES256.m */; };
		E9E2B31A1953A24100B7D7F6 /* User.m in Sources */ = {isa = PBXBuildFile; fileRef = E9E2B3191953A24100B7D7F6 /* User.m */; };
/* End PBXBuildFile section */

/* Begin PBXContainerItemProxy section */
		E99C340619537E3500840CA4 /* PBXContainerItemProxy */ = {
			isa = PBXContainerItemProxy;
			containerPortal = E99C33D819537E3500840CA4 /* Project object */;
			proxyType = 1;
			remoteGlobalIDString = E99C33DF19537E3500840CA4;
			remoteInfo = "AES Encryption Tutorial";
		};
/* End PBXContainerItemProxy section */

/* Begin PBXFileReference section */
		E99C33E019537E3500840CA4 /* AES Encryption Tutorial.app */ = {isa = PBXFileReference; explicitFileType = wrapper.application; includeInIndex = 0; path = "AES Encryption Tutorial.app"; sourceTree = BUILT_PRODUCTS_DIR; };
		E99C33E319537E3500840CA4 /* Foundation.framework */ = {isa = PBXFileReference; lastKnownFileType = wrapper.framework; name = Foundation.framework; path = System/Library/Frameworks/Foundation.framework; sourceTree = SDKROOT; };
		E99C33E519537E3500840CA4 /* CoreGraphics.framework */ = {isa = PBXFileReference; lastKnownFileType = wrapper.framework; name = CoreGraphics.framework; path = System/Library/Frameworks/CoreGraphics.framework; sourceTree = SDKROOT; };
		E99C33E719537E3500840CA4 /* UIKit.framework */ = {isa = PBXFileReference; lastKnownFileType = wrapper.framework; name = UIKit.framework; path = System/Library/Frameworks/UIKit.framework; sourceTree = SDKROOT; };
		E99C33E919537E3500840CA4 /* CoreData.framework */ = {isa = PBXFileReference; lastKnownFileType = wrapper.framework; name = CoreData.framework; path = System/Library/Frameworks/CoreData.framework; sourceTree = SDKROOT; };
		E99C33ED19537E3500840CA4 /* AES Encryption Tutorial-Info.plist */ = {isa = PBXFileReference; lastKnownFileType = text.plist.xml; path = "AES Encryption Tutorial-Info.plist"; sourceTree = "<group>"; };
		E99C33EF19537E3500840CA4 /* en */ = {isa = PBXFileReference; lastKnownFileType = text.plist.strings; name = en; path = en.lproj/InfoPlist.strings; sourceTree = "<group>"; };
		E99C33F119537E3500840CA4 /* main.m */ = {isa = PBXFileReference; lastKnownFileType = sourcecode.c.objc; path = main.m; sourceTree = "<group>"; };
		E99C33F319537E3500840CA4 /* AES Encryption Tutorial-Prefix.pch */ = {isa = PBXFileReference; lastKnownFileType = sourcecode.c.h; path = "AES Encryption Tutorial-Prefix.pch"; sourceTree = "<group>"; };
		E99C33F419537E3500840CA4 /* THXAppDelegate.h */ = {isa = PBXFileReference; lastKnownFileType = sourcecode.c.h; path = THXAppDelegate.h; sourceTree = "<group>"; };
		E99C33F519537E3500840CA4 /* THXAppDelegate.m */ = {isa = PBXFileReference; lastKnownFileType = sourcecode.c.objc; path = THXAppDelegate.m; sourceTree = "<group>"; };
		E99C33F819537E3500840CA4 /* AES_Encryption_Tutorial.xcdatamodel */ = {isa = PBXFileReference; lastKnownFileType = wrapper.xcdatamodel; path = AES_Encryption_Tutorial.xcdatamodel; sourceTree = "<group>"; };
		E99C33FA19537E3500840CA4 /* Images.xcassets */ = {isa = PBXFileReference; lastKnownFileType = folder.assetcatalog; path = Images.xcassets; sourceTree = "<group>"; };
		E99C340019537E3500840CA4 /* AES Encryption TutorialTests.xctest */ = {isa = PBXFileReference; explicitFileType = wrapper.cfbundle; includeInIndex = 0; path = "AES Encryption TutorialTests.xctest"; sourceTree = BUILT_PRODUCTS_DIR; };
		E99C340119537E3500840CA4 /* XCTest.framework */ = {isa = PBXFileReference; lastKnownFileType = wrapper.framework; name = XCTest.framework; path = Library/Frameworks/XCTest.framework; sourceTree = DEVELOPER_DIR; };
		E99C340A19537E3500840CA4 /* AES Encryption TutorialTests-Info.plist */ = {isa = PBXFileReference; lastKnownFileType = text.plist.xml; path = "AES Encryption TutorialTests-Info.plist"; sourceTree = "<group>"; };
		E99C340C19537E3500840CA4 /* en */ = {isa = PBXFileReference; lastKnownFileType = text.plist.strings; name = en; path = en.lproj/InfoPlist.strings; sourceTree = "<group>"; };
		E99C340E19537E3500840CA4 /* AES_Encryption_TutorialTests.m */ = {isa = PBXFileReference; lastKnownFileType = sourcecode.c.objc; path = AES_Encryption_TutorialTests.m; sourceTree = "<group>"; };
		E9E2B3111953835600B7D7F6 /* NSData+AES256.h */ = {isa = PBXFileReference; fileEncoding = 4; lastKnownFileType = sourcecode.c.h; path = "NSData+AES256.h"; sourceTree = "<group>"; };
		E9E2B3121953835600B7D7F6 /* NSData+AES256.m */ = {isa = PBXFileReference; fileEncoding = 4; lastKnownFileType = sourcecode.c.objc; path = "NSData+AES256.m"; sourceTree = "<group>"; };
		E9E2B3181953A24100B7D7F6 /* User.h */ = {isa = PBXFileReference; fileEncoding = 4; lastKnownFileType = sourcecode.c.h; name = User.h; path = Model/User.h; sourceTree = "<group>"; };
		E9E2B3191953A24100B7D7F6 /* User.m */ = {isa = PBXFileReference; fileEncoding = 4; lastKnownFileType = sourcecode.c.objc; name = User.m; path = Model/User.m; sourceTree = "<group>"; };
/* End PBXFileReference section */

/* Begin PBXFrameworksBuildPhase section */
		E99C33DD19537E3500840CA4 /* Frameworks */ = {
			isa = PBXFrameworksBuildPhase;
			buildActionMask = 2147483647;
			files = (
				E99C33E619537E3500840CA4 /* CoreGraphics.framework in Frameworks */,
				E99C33EA19537E3500840CA4 /* CoreData.framework in Frameworks */,
				E99C33E819537E3500840CA4 /* UIKit.framework in Frameworks */,
				E99C33E419537E3500840CA4 /* Foundation.framework in Frameworks */,
			);
			runOnlyForDeploymentPostprocessing = 0;
		};
		E99C33FD19537E3500840CA4 /* Frameworks */ = {
			isa = PBXFrameworksBuildPhase;
			buildActionMask = 2147483647;
			files = (
				E99C340219537E3500840CA4 /* XCTest.framework in Frameworks */,
				E99C340519537E3500840CA4 /* CoreData.framework in Frameworks */,
				E99C340419537E3500840CA4 /* UIKit.framework in Frameworks */,
				E99C340319537E3500840CA4 /* Foundation.framework in Frameworks */,
			);
			runOnlyForDeploymentPostprocessing = 0;
		};
/* End PBXFrameworksBuildPhase section */

/* Begin PBXGroup section */
		E99C33D719537E3500840CA4 = {
			isa = PBXGroup;
			children = (
				E99C33EB19537E3500840CA4 /* AES Encryption Tutorial */,
				E99C340819537E3500840CA4 /* AES Encryption TutorialTests */,
				E99C33E219537E3500840CA4 /* Frameworks */,
				E99C33E119537E3500840CA4 /* Products */,
			);
			sourceTree = "<group>";
		};
		E99C33E119537E3500840CA4 /* Products */ = {
			isa = PBXGroup;
			children = (
				E99C33E019537E3500840CA4 /* AES Encryption Tutorial.app */,
				E99C340019537E3500840CA4 /* AES Encryption TutorialTests.xctest */,
			);
			name = Products;
			sourceTree = "<group>";
		};
		E99C33E219537E3500840CA4 /* Frameworks */ = {
			isa = PBXGroup;
			children = (
				E99C33E319537E3500840CA4 /* Foundation.framework */,
				E99C33E519537E3500840CA4 /* CoreGraphics.framework */,
				E99C33E719537E3500840CA4 /* UIKit.framework */,
				E99C33E919537E3500840CA4 /* CoreData.framework */,
				E99C340119537E3500840CA4 /* XCTest.framework */,
			);
			name = Frameworks;
			sourceTree = "<group>";
		};
		E99C33EB19537E3500840CA4 /* AES Encryption Tutorial */ = {
			isa = PBXGroup;
			children = (
				E9E2B31B1953A24700B7D7F6 /* Model */,
				E9E2B3101953832600B7D7F6 /* AES256 */,
				E99C33F419537E3500840CA4 /* THXAppDelegate.h */,
				E99C33F519537E3500840CA4 /* THXAppDelegate.m */,
				E99C33FA19537E3500840CA4 /* Images.xcassets */,
				E99C33F719537E3500840CA4 /* AES_Encryption_Tutorial.xcdatamodeld */,
				E99C33EC19537E3500840CA4 /* Supporting Files */,
			);
			path = "AES Encryption Tutorial";
			sourceTree = "<group>";
		};
		E99C33EC19537E3500840CA4 /* Supporting Files */ = {
			isa = PBXGroup;
			children = (
				E99C33ED19537E3500840CA4 /* AES Encryption Tutorial-Info.plist */,
				E99C33EE19537E3500840CA4 /* InfoPlist.strings */,
				E99C33F119537E3500840CA4 /* main.m */,
				E99C33F319537E3500840CA4 /* AES Encryption Tutorial-Prefix.pch */,
			);
			name = "Supporting Files";
			sourceTree = "<group>";
		};
		E99C340819537E3500840CA4 /* AES Encryption TutorialTests */ = {
			isa = PBXGroup;
			children = (
				E99C340E19537E3500840CA4 /* AES_Encryption_TutorialTests.m */,
				E99C340919537E3500840CA4 /* Supporting Files */,
			);
			path = "AES Encryption TutorialTests";
			sourceTree = "<group>";
		};
		E99C340919537E3500840CA4 /* Supporting Files */ = {
			isa = PBXGroup;
			children = (
				E99C340A19537E3500840CA4 /* AES Encryption TutorialTests-Info.plist */,
				E99C340B19537E3500840CA4 /* InfoPlist.strings */,
			);
			name = "Supporting Files";
			sourceTree = "<group>";
		};
		E9E2B3101953832600B7D7F6 /* AES256 */ = {
			isa = PBXGroup;
			children = (
				E9E2B3111953835600B7D7F6 /* NSData+AES256.h */,
				E9E2B3121953835600B7D7F6 /* NSData+AES256.m */,
			);
			name = AES256;
			sourceTree = "<group>";
		};
		E9E2B31B1953A24700B7D7F6 /* Model */ = {
			isa = PBXGroup;
			children = (
				E9E2B3181953A24100B7D7F6 /* User.h */,
				E9E2B3191953A24100B7D7F6 /* User.m */,
			);
			name = Model;
			sourceTree = "<group>";
		};
/* End PBXGroup section */

/* Begin PBXNativeTarget section */
		E99C33DF19537E3500840CA4 /* AES Encryption Tutorial */ = {
			isa = PBXNativeTarget;
			buildConfigurationList = E99C341219537E3500840CA4 /* Build configuration list for PBXNativeTarget "AES Encryption Tutorial" */;
			buildPhases = (
				E99C33DC19537E3500840CA4 /* Sources */,
				E99C33DD19537E3500840CA4 /* Frameworks */,
				E99C33DE19537E3500840CA4 /* Resources */,
			);
			buildRules = (
			);
			dependencies = (
			);
			name = "AES Encryption Tutorial";
			productName = "AES Encryption Tutorial";
			productReference = E99C33E019537E3500840CA4 /* AES Encryption Tutorial.app */;
			productType = "com.apple.product-type.application";
		};
		E99C33FF19537E3500840CA4 /* AES Encryption TutorialTests */ = {
			isa = PBXNativeTarget;
			buildConfigurationList = E99C341519537E3500840CA4 /* Build configuration list for PBXNativeTarget "AES Encryption TutorialTests" */;
			buildPhases = (
				E99C33FC19537E3500840CA4 /* Sources */,
				E99C33FD19537E3500840CA4 /* Frameworks */,
				E99C33FE19537E3500840CA4 /* Resources */,
			);
			buildRules = (
			);
			dependencies = (
				E99C340719537E3500840CA4 /* PBXTargetDependency */,
			);
			name = "AES Encryption TutorialTests";
			productName = "AES Encryption TutorialTests";
			productReference = E99C340019537E3500840CA4 /* AES Encryption TutorialTests.xctest */;
			productType = "com.apple.product-type.bundle.unit-test";
		};
/* End PBXNativeTarget section */

/* Begin PBXProject section */
		E99C33D819537E3500840CA4 /* Project object */ = {
			isa = PBXProject;
			attributes = {
				CLASSPREFIX = THX;
				LastUpgradeCheck = 0510;
				ORGANIZATIONNAME = ThXou;
				TargetAttributes = {
					E99C33FF19537E3500840CA4 = {
						TestTargetID = E99C33DF19537E3500840CA4;
					};
				};
			};
			buildConfigurationList = E99C33DB19537E3500840CA4 /* Build configuration list for PBXProject "AES Encryption Tutorial" */;
			compatibilityVersion = "Xcode 3.2";
			developmentRegion = English;
			hasScannedForEncodings = 0;
			knownRegions = (
				en,
			);
			mainGroup = E99C33D719537E3500840CA4;
			productRefGroup = E99C33E119537E3500840CA4 /* Products */;
			projectDirPath = "";
			projectRoot = "";
			targets = (
				E99C33DF19537E3500840CA4 /* AES Encryption Tutorial */,
				E99C33FF19537E3500840CA4 /* AES Encryption TutorialTests */,
			);
		};
/* End PBXProject section */

/* Begin PBXResourcesBuildPhase section */
		E99C33DE19537E3500840CA4 /* Resources */ = {
			isa = PBXResourcesBuildPhase;
			buildActionMask = 2147483647;
			files = (
				E99C33F019537E3500840CA4 /* InfoPlist.strings in Resources */,
				E99C33FB19537E3500840CA4 /* Images.xcassets in Resources */,
			);
			runOnlyForDeploymentPostprocessing = 0;
		};
		E99C33FE19537E3500840CA4 /* Resources */ = {
			isa = PBXResourcesBuildPhase;
			buildActionMask = 2147483647;
			files = (
				E99C340D19537E3500840CA4 /* InfoPlist.strings in Resources */,
			);
			runOnlyForDeploymentPostprocessing = 0;
		};
/* End PBXResourcesBuildPhase section */

/* Begin PBXSourcesBuildPhase section */
		E99C33DC19537E3500840CA4 /* Sources */ = {
			isa = PBXSourcesBuildPhase;
			buildActionMask = 2147483647;
			files = (
				E9E2B31A1953A24100B7D7F6 /* User.m in Sources */,
				E99C33F919537E3500840CA4 /* AES_Encryption_Tutorial.xcdatamodeld in Sources */,
				E99C33F219537E3500840CA4 /* main.m in Sources */,
				E9E2B3131953835600B7D7F6 /* NSData+AES256.m in Sources */,
				E99C33F619537E3500840CA4 /* THXAppDelegate.m in Sources */,
			);
			runOnlyForDeploymentPostprocessing = 0;
		};
		E99C33FC19537E3500840CA4 /* Sources */ = {
			isa = PBXSourcesBuildPhase;
			buildActionMask = 2147483647;
			files = (
				E99C340F19537E3500840CA4 /* AES_Encryption_TutorialTests.m in Sources */,
			);
			runOnlyForDeploymentPostprocessing = 0;
		};
/* End PBXSourcesBuildPhase section */

/* Begin PBXTargetDependency section */
		E99C340719537E3500840CA4 /* PBXTargetDependency */ = {
			isa = PBXTargetDependency;
			target = E99C33DF19537E3500840CA4 /* AES Encryption Tutorial */;
			targetProxy = E99C340619537E3500840CA4 /* PBXContainerItemProxy */;
		};
/* End PBXTargetDependency section */

/* Begin PBXVariantGroup section */
		E99C33EE19537E3500840CA4 /* InfoPlist.strings */ = {
			isa = PBXVariantGroup;
			children = (
				E99C33EF19537E3500840CA4 /* en */,
			);
			name = InfoPlist.strings;
			sourceTree = "<group>";
		};
		E99C340B19537E3500840CA4 /* InfoPlist.strings */ = {
			isa = PBXVariantGroup;
			children = (
				E99C340C19537E3500840CA4 /* en */,
			);
			name = InfoPlist.strings;
			sourceTree = "<group>";
		};
/* End PBXVariantGroup section */

/* Begin XCBuildConfiguration section */
		E99C341019537E3500840CA4 /* Debug */ = {
			isa = XCBuildConfiguration;
			buildSettings = {
				ALWAYS_SEARCH_USER_PATHS = NO;
				CLANG_CXX_LANGUAGE_STANDARD = "gnu++0x";
				CLANG_CXX_LIBRARY = "libc++";
				CLANG_ENABLE_MODULES = YES;
				CLANG_ENABLE_OBJC_ARC = YES;
				CLANG_WARN_BOOL_CONVERSION = YES;
				CLANG_WARN_CONSTANT_CONVERSION = YES;
				CLANG_WARN_DIRECT_OBJC_ISA_USAGE = YES_ERROR;
				CLANG_WARN_EMPTY_BODY = YES;
				CLANG_WARN_ENUM_CONVERSION = YES;
				CLANG_WARN_INT_CONVERSION = YES;
				CLANG_WARN_OBJC_ROOT_CLASS = YES_ERROR;
				CLANG_WARN__DUPLICATE_METHOD_MATCH = YES;
				"CODE_SIGN_IDENTITY[sdk=iphoneos*]" = "iPhone Developer";
				COPY_PHASE_STRIP = NO;
				GCC_C_LANGUAGE_STANDARD = gnu99;
				GCC_DYNAMIC_NO_PIC = NO;
				GCC_OPTIMIZATION_LEVEL = 0;
				GCC_PREPROCESSOR_DEFINITIONS = (
					"DEBUG=1",
					"$(inherited)",
				);
				GCC_SYMBOLS_PRIVATE_EXTERN = NO;
				GCC_WARN_64_TO_32_BIT_CONVERSION = YES;
				GCC_WARN_ABOUT_RETURN_TYPE = YES_ERROR;
				GCC_WARN_UNDECLARED_SELECTOR = YES;
				GCC_WARN_UNINITIALIZED_AUTOS = YES_AGGRESSIVE;
				GCC_WARN_UNUSED_FUNCTION = YES;
				GCC_WARN_UNUSED_VARIABLE = YES;
				IPHONEOS_DEPLOYMENT_TARGET = 7.1;
				ONLY_ACTIVE_ARCH = YES;
				SDKROOT = iphoneos;
			};
			name = Debug;
		};
		E99C341119537E3500840CA4 /* Release */ = {
			isa = XCBuildConfiguration;
			buildSettings = {
				ALWAYS_SEARCH_USER_PATHS = NO;
				CLANG_CXX_LANGUAGE_STANDARD = "gnu++0x";
				CLANG_CXX_LIBRARY = "libc++";
				CLANG_ENABLE_MODULES = YES;
				CLANG_ENABLE_OBJC_ARC = YES;
				CLANG_WARN_BOOL_CONVERSION = YES;
				CLANG_WARN_CONSTANT_CONVERSION = YES;
				CLANG_WARN_DIRECT_OBJC_ISA_USAGE = YES_ERROR;
				CLANG_WARN_EMPTY_BODY = YES;
				CLANG_WARN_ENUM_CONVERSION = YES;
				CLANG_WARN_INT_CONVERSION = YES;
				CLANG_WARN_OBJC_ROOT_CLASS = YES_ERROR;
				CLANG_WARN__DUPLICATE_METHOD_MATCH = YES;
				"CODE_SIGN_IDENTITY[sdk=iphoneos*]" = "iPhone Developer";
				COPY_PHASE_STRIP = YES;
				ENABLE_NS_ASSERTIONS = NO;
				GCC_C_LANGUAGE_STANDARD = gnu99;
				GCC_WARN_64_TO_32_BIT_CONVERSION = YES;
				GCC_WARN_ABOUT_RETURN_TYPE = YES_ERROR;
				GCC_WARN_UNDECLARED_SELECTOR = YES;
				GCC_WARN_UNINITIALIZED_AUTOS = YES_AGGRESSIVE;
				GCC_WARN_UNUSED_FUNCTION = YES;
				GCC_WARN_UNUSED_VARIABLE = YES;
				IPHONEOS_DEPLOYMENT_TARGET = 7.1;
				SDKROOT = iphoneos;
				VALIDATE_PRODUCT = YES;
			};
			name = Release;
		};
		E99C341319537E3500840CA4 /* Debug */ = {
			isa = XCBuildConfiguration;
			buildSettings = {
				ASSETCATALOG_COMPILER_APPICON_NAME = AppIcon;
				ASSETCATALOG_COMPILER_LAUNCHIMAGE_NAME = LaunchImage;
				GCC_PRECOMPILE_PREFIX_HEADER = YES;
				GCC_PREFIX_HEADER = "AES Encryption Tutorial/AES Encryption Tutorial-Prefix.pch";
				INFOPLIST_FILE = "AES Encryption Tutorial/AES Encryption Tutorial-Info.plist";
				PRODUCT_NAME = "$(TARGET_NAME)";
				WRAPPER_EXTENSION = app;
			};
			name = Debug;
		};
		E99C341419537E3500840CA4 /* Release */ = {
			isa = XCBuildConfiguration;
			buildSettings = {
				ASSETCATALOG_COMPILER_APPICON_NAME = AppIcon;
				ASSETCATALOG_COMPILER_LAUNCHIMAGE_NAME = LaunchImage;
				GCC_PRECOMPILE_PREFIX_HEADER = YES;
				GCC_PREFIX_HEADER = "AES Encryption Tutorial/AES Encryption Tutorial-Prefix.pch";
				INFOPLIST_FILE = "AES Encryption Tutorial/AES Encryption Tutorial-Info.plist";
				PRODUCT_NAME = "$(TARGET_NAME)";
				WRAPPER_EXTENSION = app;
			};
			name = Release;
		};
		E99C341619537E3500840CA4 /* Debug */ = {
			isa = XCBuildConfiguration;
			buildSettings = {
				BUNDLE_LOADER = "$(BUILT_PRODUCTS_DIR)/AES Encryption Tutorial.app/AES Encryption Tutorial";
				FRAMEWORK_SEARCH_PATHS = (
					"$(SDKROOT)/Developer/Library/Frameworks",
					"$(inherited)",
					"$(DEVELOPER_FRAMEWORKS_DIR)",
				);
				GCC_PRECOMPILE_PREFIX_HEADER = YES;
				GCC_PREFIX_HEADER = "AES Encryption Tutorial/AES Encryption Tutorial-Prefix.pch";
				GCC_PREPROCESSOR_DEFINITIONS = (
					"DEBUG=1",
					"$(inherited)",
				);
				INFOPLIST_FILE = "AES Encryption TutorialTests/AES Encryption TutorialTests-Info.plist";
				PRODUCT_NAME = "$(TARGET_NAME)";
				TEST_HOST = "$(BUNDLE_LOADER)";
				WRAPPER_EXTENSION = xctest;
			};
			name = Debug;
		};
		E99C341719537E3500840CA4 /* Release */ = {
			isa = XCBuildConfiguration;
			buildSettings = {
				BUNDLE_LOADER = "$(BUILT_PRODUCTS_DIR)/AES Encryption Tutorial.app/AES Encryption Tutorial";
				FRAMEWORK_SEARCH_PATHS = (
					"$(SDKROOT)/Developer/Library/Frameworks",
					"$(inherited)",
					"$(DEVELOPER_FRAMEWORKS_DIR)",
				);
				GCC_PRECOMPILE_PREFIX_HEADER = YES;
				GCC_PREFIX_HEADER = "AES Encryption Tutorial/AES Encryption Tutorial-Prefix.pch";
				INFOPLIST_FILE = "AES Encryption TutorialTests/AES Encryption TutorialTests-Info.plist";
				PRODUCT_NAME = "$(TARGET_NAME)";
				TEST_HOST = "$(BUNDLE_LOADER)";
				WRAPPER_EXTENSION = xctest;
			};
			name = Release;
		};
/* End XCBuildConfiguration section */

/* Begin XCConfigurationList section */
		E99C33DB19537E3500840CA4 /* Build configuration list for PBXProject "AES Encryption Tutorial" */ = {
			isa = XCConfigurationList;
			buildConfigurations = (
				E99C341019537E3500840CA4 /* Debug */,
				E99C341119537E3500840CA4 /* Release */,
			);
			defaultConfigurationIsVisible = 0;
			defaultConfigurationName = Release;
		};
		E99C341219537E3500840CA4 /* Build configuration list for PBXNativeTarget "AES Encryption Tutorial" */ = {
			isa = XCConfigurationList;
			buildConfigurations = (
				E99C341319537E3500840CA4 /* Debug */,
				E99C341419537E3500840CA4 /* Release */,
			);
			defaultConfigurationIsVisible = 0;
			defaultConfigurationName = Release;
		};
		E99C341519537E3500840CA4 /* Build configuration list for PBXNativeTarget "AES Encryption TutorialTests" */ = {
			isa = XCConfigurationList;
			buildConfigurations = (
				E99C341619537E3500840CA4 /* Debug */,
				E99C341719537E3500840CA4 /* Release */,
			);
			defaultConfigurationIsVisible = 0;
			defaultConfigurationName = Release;
		};
/* End XCConfigurationList section */

/* Begin XCVersionGroup section */
		E99C33F719537E3500840CA4 /* AES_Encryption_Tutorial.xcdatamodeld */ = {
			isa = XCVersionGroup;
			children = (
				E99C33F819537E3500840CA4 /* AES_Encryption_Tutorial.xcdatamodel */,
			);
			currentVersion = E99C33F819537E3500840CA4 /* AES_Encryption_Tutorial.xcdatamodel */;
			path = AES_Encryption_Tutorial.xcdatamodeld;
			sourceTree = "<group>";
			versionGroupType = wrapper.xcdatamodel;
		};
/* End XCVersionGroup section */
	};
	rootObject = E99C33D819537E3500840CA4 /* Project object */;
}
